# This file is automatically @generated by Cargo.
# It is not intended for manual editing.
version = 4

[[package]]
name = "quran-muaalem-engine"
version = "0.1.0"

[[package]]
name = "quran-muaalem-models"
version = "0.1.0"

[[package]]
name = "quran-muaalem-postprocessors"
version = "0.1.0"

[[package]]
name = "quran-muaalem-preprocessors"
version = "0.1.0"

[[package]]
name = "quran-muaalem-transcript"
version = "0.1.0"
